
Microsoft Visual Studio Solution File, Format Version 12.00
# Visual Studio Version 16
VisualStudioVersion = 16.0.29806.167
MinimumVisualStudioVersion = 10.0.40219.1
Project("{FAE04EC0-301F-11D3-BF4B-00C04F79EFBC}") = "PDF_Generator", "PDF_Generator\PDF_Generator.csproj", "{C8832887-1797-40F1-9619-5252FD1C2F03}"
EndProject
Global
	GlobalSection(SolutionConfigurationPlatforms) = preSolution
		Debug|Any CPU = Debug|Any CPU
		Release|Any CPU = Release|Any CPU
	EndGlobalSection
	GlobalSection(ProjectConfigurationPlatforms) = postSolution
		{C8832887-1797-40F1-9619-5252FD1C2F03}.Debug|Any CPU.ActiveCfg = Debug|Any CPU
		{C8832887-1797-40F1-9619-5252FD1C2F03}.Debug|Any CPU.Build.0 = Debug|Any CPU
		{C8832887-1797-40F1-9619-5252FD1C2F03}.Release|Any CPU.ActiveCfg = Release|Any CPU
		{C8832887-1797-40F1-9619-5252FD1C2F03}.Release|Any CPU.Build.0 = Release|Any CPU
	EndGlobalSection
	GlobalSection(SolutionProperties) = preSolution
		HideSolutionNode = FALSE
	EndGlobalSection
	GlobalSection(ExtensibilityGlobals) = postSolution
		SolutionGuid = {8C72F4E6-E67C-4118-8DF6-6BA13C99361A}
	EndGlobalSection
EndGlobal
